
Microsoft Visual Studio Solution File, Format Version 12.00
# Visual Studio Version 16
VisualStudioVersion = 16.0.29230.47
MinimumVisualStudioVersion = 10.0.40219.1
Project("{FAE04EC0-301F-11D3-BF4B-00C04F79EFBC}") = "Api.CalculaJuros", "Api.CalculaJuros\Api.CalculaJuros.csproj", "{FCB576DF-0F7B-42E7-BEA9-C51D182AB322}"
EndProject
Project("{FAE04EC0-301F-11D3-BF4B-00C04F79EFBC}") = "Tdd.CalculaJuros", "Tdd.CalculaJuros\Tdd.CalculaJuros.csproj", "{BEFA76A2-07A3-4793-999C-EFF8EB2D843A}"
EndProject
Global
	GlobalSection(SolutionConfigurationPlatforms) = preSolution
		Debug|Any CPU = Debug|Any CPU
		Release|Any CPU = Release|Any CPU
	EndGlobalSection
	GlobalSection(ProjectConfigurationPlatforms) = postSolution
		{FCB576DF-0F7B-42E7-BEA9-C51D182AB322}.Debug|Any CPU.ActiveCfg = Debug|Any CPU
		{FCB576DF-0F7B-42E7-BEA9-C51D182AB322}.Debug|Any CPU.Build.0 = Debug|Any CPU
		{FCB576DF-0F7B-42E7-BEA9-C51D182AB322}.Release|Any CPU.ActiveCfg = Release|Any CPU
		{FCB576DF-0F7B-42E7-BEA9-C51D182AB322}.Release|Any CPU.Build.0 = Release|Any CPU
		{BEFA76A2-07A3-4793-999C-EFF8EB2D843A}.Debug|Any CPU.ActiveCfg = Debug|Any CPU
		{BEFA76A2-07A3-4793-999C-EFF8EB2D843A}.Debug|Any CPU.Build.0 = Debug|Any CPU
		{BEFA76A2-07A3-4793-999C-EFF8EB2D843A}.Release|Any CPU.ActiveCfg = Release|Any CPU
		{BEFA76A2-07A3-4793-999C-EFF8EB2D843A}.Release|Any CPU.Build.0 = Release|Any CPU
	EndGlobalSection
	GlobalSection(SolutionProperties) = preSolution
		HideSolutionNode = FALSE
	EndGlobalSection
	GlobalSection(ExtensibilityGlobals) = postSolution
		SolutionGuid = {93FA926C-2DF8-477B-B976-39C82A5CB7AE}
	EndGlobalSection
EndGlobal
